
Microsoft Visual Studio Solution File, Format Version 12.00
# Visual Studio 15
VisualStudioVersion = 15.0.28307.329
MinimumVisualStudioVersion = 10.0.40219.1
Project("{8BC9CEB8-8B4A-11D0-8D11-00A0C91BC942}") = "CppCx", "Client\CppCx\Client.CppCx.vcxproj", "{AAC29FB2-0788-4630-B3BC-48A4B5375073}"
EndProject
Project("{8BC9CEB8-8B4A-11D0-8D11-00A0C91BC942}") = "Dynamic", "Library\Library.Dynamic.vcxproj", "{FF83C824-0C56-43BC-B61E-B52D04C8954F}"
EndProject
Project("{8BC9CEB8-8B4A-11D0-8D11-00A0C91BC942}") = "Static", "Library\Library.Static.vcxproj", "{9210C248-ECB6-4D16-8CAE-73A5293C3214}"
EndProject
Project("{8BC9CEB8-8B4A-11D0-8D11-00A0C91BC942}") = "CppWinRT", "Client\CppWinRT\Client.CppWinRT.vcxproj", "{5097BA07-EAF9-4DA2-A392-94BA503D015A}"
EndProject
Project("{8BC9CEB8-8B4A-11D0-8D11-00A0C91BC942}") = "Shared", "Library\Library.Shared.vcxitems", "{419098CF-0425-4042-9792-8C448446CA72}"
EndProject
Project("{FAE04EC0-301F-11D3-BF4B-00C04F79EFBC}") = "CSharp", "Client\CSharp\CSharp.csproj", "{D6C17D63-182F-4048-84CA-BD3BE98C9ACB}"
EndProject
Project("{2150E333-8FDC-42A3-9474-1A3956D46DE8}") = "Client", "Client", "{ED5D17D6-5EDA-4B9C-89D2-9C0014099F58}"
EndProject
Project("{2150E333-8FDC-42A3-9474-1A3956D46DE8}") = "Library", "Library", "{4F4F38CF-182C-4E11-AD88-116A57A32FFB}"
EndProject
Global
	GlobalSection(SharedMSBuildProjectFiles) = preSolution
		Library\Library.Shared.vcxitems*{419098cf-0425-4042-9792-8c448446ca72}*SharedItemsImports = 9
		Library\Library.Shared.vcxitems*{9210c248-ecb6-4d16-8cae-73a5293c3214}*SharedItemsImports = 4
		Library\Library.Shared.vcxitems*{ff83c824-0c56-43bc-b61e-b52d04c8954f}*SharedItemsImports = 4
	EndGlobalSection
	GlobalSection(SolutionConfigurationPlatforms) = preSolution
		Debug|ARM = Debug|ARM
		Debug|ARM64 = Debug|ARM64
		Debug|x64 = Debug|x64
		Debug|x86 = Debug|x86
		Release|ARM = Release|ARM
		Release|ARM64 = Release|ARM64
		Release|x64 = Release|x64
		Release|x86 = Release|x86
	EndGlobalSection
	GlobalSection(ProjectConfigurationPlatforms) = postSolution
		{AAC29FB2-0788-4630-B3BC-48A4B5375073}.Debug|ARM.ActiveCfg = Debug|ARM
		{AAC29FB2-0788-4630-B3BC-48A4B5375073}.Debug|ARM.Build.0 = Debug|ARM
		{AAC29FB2-0788-4630-B3BC-48A4B5375073}.Debug|ARM.Deploy.0 = Debug|ARM
		{AAC29FB2-0788-4630-B3BC-48A4B5375073}.Debug|ARM64.ActiveCfg = Debug|ARM64
		{AAC29FB2-0788-4630-B3BC-48A4B5375073}.Debug|ARM64.Build.0 = Debug|ARM64
		{AAC29FB2-0788-4630-B3BC-48A4B5375073}.Debug|ARM64.Deploy.0 = Debug|ARM64
		{AAC29FB2-0788-4630-B3BC-48A4B5375073}.Debug|x64.ActiveCfg = Debug|x64
		{AAC29FB2-0788-4630-B3BC-48A4B5375073}.Debug|x64.Build.0 = Debug|x64
		{AAC29FB2-0788-4630-B3BC-48A4B5375073}.Debug|x64.Deploy.0 = Debug|x64
		{AAC29FB2-0788-4630-B3BC-48A4B5375073}.Debug|x86.ActiveCfg = Debug|Win32
		{AAC29FB2-0788-4630-B3BC-48A4B5375073}.Debug|x86.Build.0 = Debug|Win32
		{AAC29FB2-0788-4630-B3BC-48A4B5375073}.Debug|x86.Deploy.0 = Debug|Win32
		{AAC29FB2-0788-4630-B3BC-48A4B5375073}.Release|ARM.ActiveCfg = Release|ARM
		{AAC29FB2-0788-4630-B3BC-48A4B5375073}.Release|ARM.Build.0 = Release|ARM
		{AAC29FB2-0788-4630-B3BC-48A4B5375073}.Release|ARM.Deploy.0 = Release|ARM
		{AAC29FB2-0788-4630-B3BC-48A4B5375073}.Release|ARM64.ActiveCfg = Release|ARM64
		{AAC29FB2-0788-4630-B3BC-48A4B5375073}.Release|ARM64.Build.0 = Release|ARM64
		{AAC29FB2-0788-4630-B3BC-48A4B5375073}.Release|ARM64.Deploy.0 = Release|ARM64
		{AAC29FB2-0788-4630-B3BC-48A4B5375073}.Release|x64.ActiveCfg = Release|x64
		{AAC29FB2-0788-4630-B3BC-48A4B5375073}.Release|x64.Build.0 = Release|x64
		{AAC29FB2-0788-4630-B3BC-48A4B5375073}.Release|x64.Deploy.0 = Release|x64
		{AAC29FB2-0788-4630-B3BC-48A4B5375073}.Release|x86.ActiveCfg = Release|Win32
		{AAC29FB2-0788-4630-B3BC-48A4B5375073}.Release|x86.Build.0 = Release|Win32
		{AAC29FB2-0788-4630-B3BC-48A4B5375073}.Release|x86.Deploy.0 = Release|Win32
		{FF83C824-0C56-43BC-B61E-B52D04C8954F}.Debug|ARM.ActiveCfg = Debug|ARM
		{FF83C824-0C56-43BC-B61E-B52D04C8954F}.Debug|ARM.Build.0 = Debug|ARM
		{FF83C824-0C56-43BC-B61E-B52D04C8954F}.Debug|ARM64.ActiveCfg = Debug|Win32
		{FF83C824-0C56-43BC-B61E-B52D04C8954F}.Debug|x64.ActiveCfg = Debug|x64
		{FF83C824-0C56-43BC-B61E-B52D04C8954F}.Debug|x64.Build.0 = Debug|x64
		{FF83C824-0C56-43BC-B61E-B52D04C8954F}.Debug|x86.ActiveCfg = Debug|Win32
		{FF83C824-0C56-43BC-B61E-B52D04C8954F}.Debug|x86.Build.0 = Debug|Win32
		{FF83C824-0C56-43BC-B61E-B52D04C8954F}.Release|ARM.ActiveCfg = Release|ARM
		{FF83C824-0C56-43BC-B61E-B52D04C8954F}.Release|ARM.Build.0 = Release|ARM
		{FF83C824-0C56-43BC-B61E-B52D04C8954F}.Release|ARM64.ActiveCfg = Release|Win32
		{FF83C824-0C56-43BC-B61E-B52D04C8954F}.Release|x64.ActiveCfg = Release|x64
		{FF83C824-0C56-43BC-B61E-B52D04C8954F}.Release|x64.Build.0 = Release|x64
		{FF83C824-0C56-43BC-B61E-B52D04C8954F}.Release|x86.ActiveCfg = Release|Win32
		{FF83C824-0C56-43BC-B61E-B52D04C8954F}.Release|x86.Build.0 = Release|Win32
		{9210C248-ECB6-4D16-8CAE-73A5293C3214}.Debug|ARM.ActiveCfg = Debug|ARM
		{9210C248-ECB6-4D16-8CAE-73A5293C3214}.Debug|ARM.Build.0 = Debug|ARM
		{9210C248-ECB6-4D16-8CAE-73A5293C3214}.Debug|ARM64.ActiveCfg = Debug|Win32
		{9210C248-ECB6-4D16-8CAE-73A5293C3214}.Debug|x64.ActiveCfg = Debug|x64
		{9210C248-ECB6-4D16-8CAE-73A5293C3214}.Debug|x64.Build.0 = Debug|x64
		{9210C248-ECB6-4D16-8CAE-73A5293C3214}.Debug|x86.ActiveCfg = Debug|Win32
		{9210C248-ECB6-4D16-8CAE-73A5293C3214}.Debug|x86.Build.0 = Debug|Win32
		{9210C248-ECB6-4D16-8CAE-73A5293C3214}.Release|ARM.ActiveCfg = Release|ARM
		{9210C248-ECB6-4D16-8CAE-73A5293C3214}.Release|ARM.Build.0 = Release|ARM
		{9210C248-ECB6-4D16-8CAE-73A5293C3214}.Release|ARM64.ActiveCfg = Release|Win32
		{9210C248-ECB6-4D16-8CAE-73A5293C3214}.Release|x64.ActiveCfg = Release|x64
		{9210C248-ECB6-4D16-8CAE-73A5293C3214}.Release|x64.Build.0 = Release|x64
		{9210C248-ECB6-4D16-8CAE-73A5293C3214}.Release|x86.ActiveCfg = Release|Win32
		{9210C248-ECB6-4D16-8CAE-73A5293C3214}.Release|x86.Build.0 = Release|Win32
		{5097BA07-EAF9-4DA2-A392-94BA503D015A}.Debug|ARM.ActiveCfg = Debug|ARM
		{5097BA07-EAF9-4DA2-A392-94BA503D015A}.Debug|ARM.Build.0 = Debug|ARM
		{5097BA07-EAF9-4DA2-A392-94BA503D015A}.Debug|ARM.Deploy.0 = Debug|ARM
		{5097BA07-EAF9-4DA2-A392-94BA503D015A}.Debug|ARM64.ActiveCfg = Debug|Win32
		{5097BA07-EAF9-4DA2-A392-94BA503D015A}.Debug|x64.ActiveCfg = Debug|x64
		{5097BA07-EAF9-4DA2-A392-94BA503D015A}.Debug|x64.Build.0 = Debug|x64
		{5097BA07-EAF9-4DA2-A392-94BA503D015A}.Debug|x64.Deploy.0 = Debug|x64
		{5097BA07-EAF9-4DA2-A392-94BA503D015A}.Debug|x86.ActiveCfg = Debug|Win32
		{5097BA07-EAF9-4DA2-A392-94BA503D015A}.Debug|x86.Build.0 = Debug|Win32
		{5097BA07-EAF9-4DA2-A392-94BA503D015A}.Debug|x86.Deploy.0 = Debug|Win32
		{5097BA07-EAF9-4DA2-A392-94BA503D015A}.Release|ARM.ActiveCfg = Release|ARM
		{5097BA07-EAF9-4DA2-A392-94BA503D015A}.Release|ARM.Build.0 = Release|ARM
		{5097BA07-EAF9-4DA2-A392-94BA503D015A}.Release|ARM.Deploy.0 = Release|ARM
		{5097BA07-EAF9-4DA2-A392-94BA503D015A}.Release|ARM64.ActiveCfg = Release|Win32
		{5097BA07-EAF9-4DA2-A392-94BA503D015A}.Release|x64.ActiveCfg = Release|x64
		{5097BA07-EAF9-4DA2-A392-94BA503D015A}.Release|x64.Build.0 = Release|x64
		{5097BA07-EAF9-4DA2-A392-94BA503D015A}.Release|x64.Deploy.0 = Release|x64
		{5097BA07-EAF9-4DA2-A392-94BA503D015A}.Release|x86.ActiveCfg = Release|Win32
		{5097BA07-EAF9-4DA2-A392-94BA503D015A}.Release|x86.Build.0 = Release|Win32
		{5097BA07-EAF9-4DA2-A392-94BA503D015A}.Release|x86.Deploy.0 = Release|Win32
		{D6C17D63-182F-4048-84CA-BD3BE98C9ACB}.Debug|ARM.ActiveCfg = Debug|ARM
		{D6C17D63-182F-4048-84CA-BD3BE98C9ACB}.Debug|ARM.Build.0 = Debug|ARM
		{D6C17D63-182F-4048-84CA-BD3BE98C9ACB}.Debug|ARM.Deploy.0 = Debug|ARM
		{D6C17D63-182F-4048-84CA-BD3BE98C9ACB}.Debug|ARM64.ActiveCfg = Debug|ARM64
		{D6C17D63-182F-4048-84CA-BD3BE98C9ACB}.Debug|ARM64.Build.0 = Debug|ARM64
		{D6C17D63-182F-4048-84CA-BD3BE98C9ACB}.Debug|ARM64.Deploy.0 = Debug|ARM64
		{D6C17D63-182F-4048-84CA-BD3BE98C9ACB}.Debug|x64.ActiveCfg = Debug|x64
		{D6C17D63-182F-4048-84CA-BD3BE98C9ACB}.Debug|x64.Build.0 = Debug|x64
		{D6C17D63-182F-4048-84CA-BD3BE98C9ACB}.Debug|x64.Deploy.0 = Debug|x64
		{D6C17D63-182F-4048-84CA-BD3BE98C9ACB}.Debug|x86.ActiveCfg = Debug|x86
		{D6C17D63-182F-4048-84CA-BD3BE98C9ACB}.Debug|x86.Build.0 = Debug|x86
		{D6C17D63-182F-4048-84CA-BD3BE98C9ACB}.Debug|x86.Deploy.0 = Debug|x86
		{D6C17D63-182F-4048-84CA-BD3BE98C9ACB}.Release|ARM.ActiveCfg = Release|ARM
		{D6C17D63-182F-4048-84CA-BD3BE98C9ACB}.Release|ARM.Build.0 = Release|ARM
		{D6C17D63-182F-4048-84CA-BD3BE98C9ACB}.Release|ARM.Deploy.0 = Release|ARM
		{D6C17D63-182F-4048-84CA-BD3BE98C9ACB}.Release|ARM64.ActiveCfg = Release|ARM64
		{D6C17D63-182F-4048-84CA-BD3BE98C9ACB}.Release|ARM64.Build.0 = Release|ARM64
		{D6C17D63-182F-4048-84CA-BD3BE98C9ACB}.Release|ARM64.Deploy.0 = Release|ARM64
		{D6C17D63-182F-4048-84CA-BD3BE98C9ACB}.Release|x64.ActiveCfg = Release|x64
		{D6C17D63-182F-4048-84CA-BD3BE98C9ACB}.Release|x64.Build.0 = Release|x64
		{D6C17D63-182F-4048-84CA-BD3BE98C9ACB}.Release|x64.Deploy.0 = Release|x64
		{D6C17D63-182F-4048-84CA-BD3BE98C9ACB}.Release|x86.ActiveCfg = Release|x86
		{D6C17D63-182F-4048-84CA-BD3BE98C9ACB}.Release|x86.Build.0 = Release|x86
		{D6C17D63-182F-4048-84CA-BD3BE98C9ACB}.Release|x86.Deploy.0 = Release|x86
	EndGlobalSection
	GlobalSection(SolutionProperties) = preSolution
		HideSolutionNode = FALSE
	EndGlobalSection
	GlobalSection(NestedProjects) = preSolution
		{AAC29FB2-0788-4630-B3BC-48A4B5375073} = {ED5D17D6-5EDA-4B9C-89D2-9C0014099F58}
		{FF83C824-0C56-43BC-B61E-B52D04C8954F} = {4F4F38CF-182C-4E11-AD88-116A57A32FFB}
		{9210C248-ECB6-4D16-8CAE-73A5293C3214} = {4F4F38CF-182C-4E11-AD88-116A57A32FFB}
		{5097BA07-EAF9-4DA2-A392-94BA503D015A} = {ED5D17D6-5EDA-4B9C-89D2-9C0014099F58}
		{419098CF-0425-4042-9792-8C448446CA72} = {4F4F38CF-182C-4E11-AD88-116A57A32FFB}
		{D6C17D63-182F-4048-84CA-BD3BE98C9ACB} = {ED5D17D6-5EDA-4B9C-89D2-9C0014099F58}
	EndGlobalSection
	GlobalSection(ExtensibilityGlobals) = postSolution
		SolutionGuid = {EB7C29C7-E7B2-481D-B758-AB40413165E1}
	EndGlobalSection
EndGlobal
